
Microsoft Visual Studio Solution File, Format Version 12.00
# Visual Studio Version 16
VisualStudioVersion = 25.0.1706.12
MinimumVisualStudioVersion = 10.0.40219.1
Project("{FAE04EC0-301F-11D3-BF4B-00C04F79EFBC}") = "kt1", "kt1\kt1.csproj", "{0A269CD4-070D-448B-9A15-D50BA22D4B09}"
EndProject
Global
	GlobalSection(SolutionConfigurationPlatforms) = preSolution
		Debug|Any CPU = Debug|Any CPU
		Release|Any CPU = Release|Any CPU
	EndGlobalSection
	GlobalSection(ProjectConfigurationPlatforms) = postSolution
		{0A269CD4-070D-448B-9A15-D50BA22D4B09}.Debug|Any CPU.ActiveCfg = Debug|Any CPU
		{0A269CD4-070D-448B-9A15-D50BA22D4B09}.Debug|Any CPU.Build.0 = Debug|Any CPU
		{0A269CD4-070D-448B-9A15-D50BA22D4B09}.Release|Any CPU.ActiveCfg = Release|Any CPU
		{0A269CD4-070D-448B-9A15-D50BA22D4B09}.Release|Any CPU.Build.0 = Release|Any CPU
	EndGlobalSection
	GlobalSection(SolutionProperties) = preSolution
		HideSolutionNode = FALSE
	EndGlobalSection
	GlobalSection(ExtensibilityGlobals) = postSolution
		SolutionGuid = {A7E2FCC5-992C-4BB8-A617-C9DD60BBD19D}
	EndGlobalSection
EndGlobal
