
Microsoft Visual Studio Solution File, Format Version 12.00
# Visual Studio Version 16
VisualStudioVersion = 25.0.1706.12
MinimumVisualStudioVersion = 10.0.40219.1
Project("{FAE04EC0-301F-11D3-BF4B-00C04F79EFBC}") = "kt1", "kt1\kt1.csproj", "{0A269CD4-070D-448B-9A15-D50BA22D4B09}"
EndProject
Project("{FAE04EC0-301F-11D3-BF4B-00C04F79EFBC}") = "kt2", "kt2\kt2.csproj", "{3A04A112-57B2-4BD7-949B-8DAA16AF3555}"
EndProject
Project("{FAE04EC0-301F-11D3-BF4B-00C04F79EFBC}") = "kt3", "kt3\kt3.csproj", "{56B2E993-6E73-4F6C-B760-2B6FABB24E0F}"
EndProject
Project("{FAE04EC0-301F-11D3-BF4B-00C04F79EFBC}") = "kt4", "kt4\kt4.csproj", "{E6CDA499-5EBA-4940-88C8-884CCEC3EED9}"
EndProject
Project("{FAE04EC0-301F-11D3-BF4B-00C04F79EFBC}") = "kt5", "kt5\kt5.csproj", "{782D2001-9A1B-4C5E-8A78-110CFF8CFE46}"
EndProject
Project("{FAE04EC0-301F-11D3-BF4B-00C04F79EFBC}") = "kt6", "kt6\kt6.csproj", "{CD9C66DC-6891-4965-BEEE-C7FC749E0F1F}"
EndProject
Project("{FAE04EC0-301F-11D3-BF4B-00C04F79EFBC}") = "kt7", "kt7\kt7.csproj", "{457543E7-EB8B-4759-B6E1-97801FA48224}"
EndProject
Project("{FAE04EC0-301F-11D3-BF4B-00C04F79EFBC}") = "kt8", "kt8\kt8.csproj", "{2452730C-C1DB-4430-AC81-27ED66BFE6AE}"
EndProject
Project("{FAE04EC0-301F-11D3-BF4B-00C04F79EFBC}") = "kt10_1", "kt10_1\kt10_1.csproj", "{A86AFAE4-91CC-4872-9FE4-7CA5DDF4A2C6}"
EndProject
Project("{FAE04EC0-301F-11D3-BF4B-00C04F79EFBC}") = "kt11", "kt11\kt11.csproj", "{CC9DDD1C-3412-4F98-874A-28E5199C23FD}"
EndProject
Project("{FAE04EC0-301F-11D3-BF4B-00C04F79EFBC}") = "kt12", "kt12\kt12.csproj", "{C6B77EBF-3E8B-4BD6-8865-D0FA0CA15BEE}"
EndProject
Project("{FAE04EC0-301F-11D3-BF4B-00C04F79EFBC}") = "kt20", "kt20\kt20.csproj", "{5CD97C44-1A99-4908-AF46-5C8CCA9C304B}"
EndProject
Global
	GlobalSection(SolutionConfigurationPlatforms) = preSolution
		Debug|Any CPU = Debug|Any CPU
		Release|Any CPU = Release|Any CPU
	EndGlobalSection
	GlobalSection(ProjectConfigurationPlatforms) = postSolution
		{0A269CD4-070D-448B-9A15-D50BA22D4B09}.Debug|Any CPU.ActiveCfg = Debug|Any CPU
		{0A269CD4-070D-448B-9A15-D50BA22D4B09}.Debug|Any CPU.Build.0 = Debug|Any CPU
		{0A269CD4-070D-448B-9A15-D50BA22D4B09}.Release|Any CPU.ActiveCfg = Release|Any CPU
		{0A269CD4-070D-448B-9A15-D50BA22D4B09}.Release|Any CPU.Build.0 = Release|Any CPU
		{3A04A112-57B2-4BD7-949B-8DAA16AF3555}.Debug|Any CPU.ActiveCfg = Debug|Any CPU
		{3A04A112-57B2-4BD7-949B-8DAA16AF3555}.Debug|Any CPU.Build.0 = Debug|Any CPU
		{3A04A112-57B2-4BD7-949B-8DAA16AF3555}.Release|Any CPU.ActiveCfg = Release|Any CPU
		{3A04A112-57B2-4BD7-949B-8DAA16AF3555}.Release|Any CPU.Build.0 = Release|Any CPU
		{56B2E993-6E73-4F6C-B760-2B6FABB24E0F}.Debug|Any CPU.ActiveCfg = Debug|Any CPU
		{56B2E993-6E73-4F6C-B760-2B6FABB24E0F}.Debug|Any CPU.Build.0 = Debug|Any CPU
		{56B2E993-6E73-4F6C-B760-2B6FABB24E0F}.Release|Any CPU.ActiveCfg = Release|Any CPU
		{56B2E993-6E73-4F6C-B760-2B6FABB24E0F}.Release|Any CPU.Build.0 = Release|Any CPU
		{E6CDA499-5EBA-4940-88C8-884CCEC3EED9}.Debug|Any CPU.ActiveCfg = Debug|Any CPU
		{E6CDA499-5EBA-4940-88C8-884CCEC3EED9}.Debug|Any CPU.Build.0 = Debug|Any CPU
		{E6CDA499-5EBA-4940-88C8-884CCEC3EED9}.Release|Any CPU.ActiveCfg = Release|Any CPU
		{E6CDA499-5EBA-4940-88C8-884CCEC3EED9}.Release|Any CPU.Build.0 = Release|Any CPU
		{782D2001-9A1B-4C5E-8A78-110CFF8CFE46}.Debug|Any CPU.ActiveCfg = Debug|Any CPU
		{782D2001-9A1B-4C5E-8A78-110CFF8CFE46}.Debug|Any CPU.Build.0 = Debug|Any CPU
		{782D2001-9A1B-4C5E-8A78-110CFF8CFE46}.Release|Any CPU.ActiveCfg = Release|Any CPU
		{782D2001-9A1B-4C5E-8A78-110CFF8CFE46}.Release|Any CPU.Build.0 = Release|Any CPU
		{CD9C66DC-6891-4965-BEEE-C7FC749E0F1F}.Debug|Any CPU.ActiveCfg = Debug|Any CPU
		{CD9C66DC-6891-4965-BEEE-C7FC749E0F1F}.Debug|Any CPU.Build.0 = Debug|Any CPU
		{CD9C66DC-6891-4965-BEEE-C7FC749E0F1F}.Release|Any CPU.ActiveCfg = Release|Any CPU
		{CD9C66DC-6891-4965-BEEE-C7FC749E0F1F}.Release|Any CPU.Build.0 = Release|Any CPU
		{457543E7-EB8B-4759-B6E1-97801FA48224}.Debug|Any CPU.ActiveCfg = Debug|Any CPU
		{457543E7-EB8B-4759-B6E1-97801FA48224}.Debug|Any CPU.Build.0 = Debug|Any CPU
		{457543E7-EB8B-4759-B6E1-97801FA48224}.Release|Any CPU.ActiveCfg = Release|Any CPU
		{457543E7-EB8B-4759-B6E1-97801FA48224}.Release|Any CPU.Build.0 = Release|Any CPU
		{2452730C-C1DB-4430-AC81-27ED66BFE6AE}.Debug|Any CPU.ActiveCfg = Debug|Any CPU
		{2452730C-C1DB-4430-AC81-27ED66BFE6AE}.Debug|Any CPU.Build.0 = Debug|Any CPU
		{2452730C-C1DB-4430-AC81-27ED66BFE6AE}.Release|Any CPU.ActiveCfg = Release|Any CPU
		{2452730C-C1DB-4430-AC81-27ED66BFE6AE}.Release|Any CPU.Build.0 = Release|Any CPU
		{A86AFAE4-91CC-4872-9FE4-7CA5DDF4A2C6}.Debug|Any CPU.ActiveCfg = Debug|Any CPU
		{A86AFAE4-91CC-4872-9FE4-7CA5DDF4A2C6}.Debug|Any CPU.Build.0 = Debug|Any CPU
		{A86AFAE4-91CC-4872-9FE4-7CA5DDF4A2C6}.Release|Any CPU.ActiveCfg = Release|Any CPU
		{A86AFAE4-91CC-4872-9FE4-7CA5DDF4A2C6}.Release|Any CPU.Build.0 = Release|Any CPU
		{CC9DDD1C-3412-4F98-874A-28E5199C23FD}.Debug|Any CPU.ActiveCfg = Debug|Any CPU
		{CC9DDD1C-3412-4F98-874A-28E5199C23FD}.Debug|Any CPU.Build.0 = Debug|Any CPU
		{CC9DDD1C-3412-4F98-874A-28E5199C23FD}.Release|Any CPU.ActiveCfg = Release|Any CPU
		{CC9DDD1C-3412-4F98-874A-28E5199C23FD}.Release|Any CPU.Build.0 = Release|Any CPU
		{C6B77EBF-3E8B-4BD6-8865-D0FA0CA15BEE}.Debug|Any CPU.ActiveCfg = Debug|Any CPU
		{C6B77EBF-3E8B-4BD6-8865-D0FA0CA15BEE}.Debug|Any CPU.Build.0 = Debug|Any CPU
		{C6B77EBF-3E8B-4BD6-8865-D0FA0CA15BEE}.Release|Any CPU.ActiveCfg = Release|Any CPU
		{C6B77EBF-3E8B-4BD6-8865-D0FA0CA15BEE}.Release|Any CPU.Build.0 = Release|Any CPU
		{5CD97C44-1A99-4908-AF46-5C8CCA9C304B}.Debug|Any CPU.ActiveCfg = Debug|Any CPU
		{5CD97C44-1A99-4908-AF46-5C8CCA9C304B}.Debug|Any CPU.Build.0 = Debug|Any CPU
		{5CD97C44-1A99-4908-AF46-5C8CCA9C304B}.Release|Any CPU.ActiveCfg = Release|Any CPU
		{5CD97C44-1A99-4908-AF46-5C8CCA9C304B}.Release|Any CPU.Build.0 = Release|Any CPU
	EndGlobalSection
	GlobalSection(SolutionProperties) = preSolution
		HideSolutionNode = FALSE
	EndGlobalSection
	GlobalSection(ExtensibilityGlobals) = postSolution
		SolutionGuid = {A7E2FCC5-992C-4BB8-A617-C9DD60BBD19D}
	EndGlobalSection
EndGlobal
